
Microsoft Visual Studio Solution File, Format Version 12.00
# Visual Studio 15
Project("{FAE04EC0-301F-11D3-BF4B-00C04F79EFBC}") = "UnityEngine.TestRunner", "UnityEngine.TestRunner.csproj", "{0151BCFD-5DC3-9E90-CBDB-782F562ACDFB}"
EndProject
Project("{FAE04EC0-301F-11D3-BF4B-00C04F79EFBC}") = "Unity.Mathematics", "Unity.Mathematics.csproj", "{4F6B6E8D-443C-4504-8AE4-E12111278306}"
EndProject
Project("{FAE04EC0-301F-11D3-BF4B-00C04F79EFBC}") = "Unity.2D.Animation.Triangle.Runtime", "Unity.2D.Animation.Triangle.Runtime.csproj", "{FABF71D6-3EE1-4738-0714-C906432991E7}"
EndProject
Project("{FAE04EC0-301F-11D3-BF4B-00C04F79EFBC}") = "Unity.Timeline", "Unity.Timeline.csproj", "{09B6CF65-F270-0FAB-3EC7-E40CB221A306}"
EndProject
Project("{FAE04EC0-301F-11D3-BF4B-00C04F79EFBC}") = "UnityEngine.UI", "UnityEngine.UI.csproj", "{D094D4B2-2C37-6AB5-F0C8-745A22C0E1D0}"
EndProject
Project("{FAE04EC0-301F-11D3-BF4B-00C04F79EFBC}") = "Unity.TextMeshPro", "Unity.TextMeshPro.csproj", "{3670DEB4-A843-E254-3DE2-DDA7839CF1ED}"
EndProject
Project("{FAE04EC0-301F-11D3-BF4B-00C04F79EFBC}") = "Unity.2D.Animation.Runtime", "Unity.2D.Animation.Runtime.csproj", "{DC44F18F-0262-677F-DA50-6CB109CE43C4}"
EndProject
Project("{FAE04EC0-301F-11D3-BF4B-00C04F79EFBC}") = "Unity.2D.IK.Runtime", "Unity.2D.IK.Runtime.csproj", "{AEC9348A-E26A-DBF9-F1C4-5E88AE9CED82}"
EndProject
Project("{FAE04EC0-301F-11D3-BF4B-00C04F79EFBC}") = "Unity.2D.SpriteShape.Runtime", "Unity.2D.SpriteShape.Runtime.csproj", "{DB555717-E954-9B75-FE4A-0D904B5EED1E}"
EndProject
Project("{FAE04EC0-301F-11D3-BF4B-00C04F79EFBC}") = "Unity.2D.PixelPerfect", "Unity.2D.PixelPerfect.csproj", "{9D8E3322-FBF3-EAF0-AC4C-026F900506ED}"
EndProject
Project("{FAE04EC0-301F-11D3-BF4B-00C04F79EFBC}") = "Unity.2D.Common.Runtime", "Unity.2D.Common.Runtime.csproj", "{DE3ACA8B-CB18-F67B-0D5D-2C14D8688D83}"
EndProject
Project("{FAE04EC0-301F-11D3-BF4B-00C04F79EFBC}") = "Unity.InternalAPIEngineBridge.001", "Unity.InternalAPIEngineBridge.001.csproj", "{A52F4F39-EBEC-F5FC-B87F-81658FA9EE02}"
EndProject
Project("{FAE04EC0-301F-11D3-BF4B-00C04F79EFBC}") = "Assembly-CSharp", "Assembly-CSharp.csproj", "{4E5CEB6B-F475-AB07-BFED-B05B46C22715}"
EndProject
Project("{FAE04EC0-301F-11D3-BF4B-00C04F79EFBC}") = "UnityEditor.TestRunner", "UnityEditor.TestRunner.csproj", "{CA38298B-2B8E-E922-E7E5-98B444600D2C}"
EndProject
Project("{FAE04EC0-301F-11D3-BF4B-00C04F79EFBC}") = "Unity.PlasticSCM.Editor", "Unity.PlasticSCM.Editor.csproj", "{BDDB44CF-1A83-C3F0-23DE-0A0B92DE5DFA}"
EndProject
Project("{FAE04EC0-301F-11D3-BF4B-00C04F79EFBC}") = "UnityEditor.UI", "UnityEditor.UI.csproj", "{E6A27750-44ED-6A22-9131-961A191238DD}"
EndProject
Project("{FAE04EC0-301F-11D3-BF4B-00C04F79EFBC}") = "Unity.Services.Core.Editor", "Unity.Services.Core.Editor.csproj", "{6E171B52-4153-8416-59EA-640FE9CC32F7}"
EndProject
Project("{FAE04EC0-301F-11D3-BF4B-00C04F79EFBC}") = "Unity.Timeline.Editor", "Unity.Timeline.Editor.csproj", "{71EE6AD6-7808-B479-C3D0-2CFB06B5D710}"
EndProject
Project("{FAE04EC0-301F-11D3-BF4B-00C04F79EFBC}") = "Unity.VisualStudio.Editor", "Unity.VisualStudio.Editor.csproj", "{2F791CF5-2EA2-EFDC-9B28-FD2B1273D5BD}"
EndProject
Project("{FAE04EC0-301F-11D3-BF4B-00C04F79EFBC}") = "Unity.2D.Psdimporter.Editor", "Unity.2D.Psdimporter.Editor.csproj", "{93E1D904-5C20-1D85-9237-943D6100A1AD}"
EndProject
Project("{FAE04EC0-301F-11D3-BF4B-00C04F79EFBC}") = "Unity.2D.Animation.Editor", "Unity.2D.Animation.Editor.csproj", "{DDF8C7D2-E46E-81CD-8A48-D2E9E42D30EA}"
EndProject
Project("{FAE04EC0-301F-11D3-BF4B-00C04F79EFBC}") = "Unity.TextMeshPro.Editor", "Unity.TextMeshPro.Editor.csproj", "{21A19888-894C-02A4-913F-21933066191B}"
EndProject
Project("{FAE04EC0-301F-11D3-BF4B-00C04F79EFBC}") = "Unity.2D.SpriteShape.Editor", "Unity.2D.SpriteShape.Editor.csproj", "{748DFAC9-3A37-24DF-2CFB-C7288DDB6090}"
EndProject
Project("{FAE04EC0-301F-11D3-BF4B-00C04F79EFBC}") = "Unity.CollabProxy.Editor", "Unity.CollabProxy.Editor.csproj", "{0CEA1F55-FE18-8B4B-EDA2-FED357EEE17C}"
EndProject
Project("{FAE04EC0-301F-11D3-BF4B-00C04F79EFBC}") = "PsdPlugin", "PsdPlugin.csproj", "{AD4BE284-B0F2-6269-1511-D79DFC0FB9BD}"
EndProject
Project("{FAE04EC0-301F-11D3-BF4B-00C04F79EFBC}") = "Unity.2D.Path.Editor", "Unity.2D.Path.Editor.csproj", "{A1192BA0-5136-704D-BFDE-B5D01FF5ABD2}"
EndProject
Project("{FAE04EC0-301F-11D3-BF4B-00C04F79EFBC}") = "Unity.Rider.Editor", "Unity.Rider.Editor.csproj", "{45849203-2E6F-3743-4037-A2D289DDF8B0}"
EndProject
Project("{FAE04EC0-301F-11D3-BF4B-00C04F79EFBC}") = "Unity.2D.IK.Editor", "Unity.2D.IK.Editor.csproj", "{E4225228-989A-EA26-49D8-D0CEB86E7ABC}"
EndProject
Project("{FAE04EC0-301F-11D3-BF4B-00C04F79EFBC}") = "Unity.2D.Sprite.Editor", "Unity.2D.Sprite.Editor.csproj", "{8A70F6DD-61CD-B9FD-CF91-C52A4F6D5263}"
EndProject
Project("{FAE04EC0-301F-11D3-BF4B-00C04F79EFBC}") = "Unity.2D.Tilemap.Editor", "Unity.2D.Tilemap.Editor.csproj", "{FA5742D7-E0FA-8A82-82EC-9907CB047865}"
EndProject
Project("{FAE04EC0-301F-11D3-BF4B-00C04F79EFBC}") = "Unity.2D.PixelPerfect.Editor", "Unity.2D.PixelPerfect.Editor.csproj", "{E6AFE9FE-2C29-716D-75CA-6F8540083A86}"
EndProject
Project("{FAE04EC0-301F-11D3-BF4B-00C04F79EFBC}") = "Unity.VSCode.Editor", "Unity.VSCode.Editor.csproj", "{972937F9-B63C-E290-5F97-91256A42787F}"
EndProject
Project("{FAE04EC0-301F-11D3-BF4B-00C04F79EFBC}") = "Unity.2D.Common.Editor", "Unity.2D.Common.Editor.csproj", "{37BD234F-5598-9FAD-C62F-55067554025B}"
EndProject
Project("{FAE04EC0-301F-11D3-BF4B-00C04F79EFBC}") = "Unity.Mathematics.Editor", "Unity.Mathematics.Editor.csproj", "{559C71C8-929F-F2CB-73FA-757B30F3E7EE}"
EndProject
Project("{FAE04EC0-301F-11D3-BF4B-00C04F79EFBC}") = "Unity.InternalAPIEditorBridge.001", "Unity.InternalAPIEditorBridge.001.csproj", "{49B31BD8-30BC-6CEA-7FC6-0AD846204A92}"
EndProject
Project("{FAE04EC0-301F-11D3-BF4B-00C04F79EFBC}") = "UnityEngine.TestRunner", "UnityEngine.TestRunner.Player.csproj", "{0B7CF0BC-4C3B-6729-30C2-6197E4CD1567}"
EndProject
Project("{FAE04EC0-301F-11D3-BF4B-00C04F79EFBC}") = "Unity.Mathematics", "Unity.Mathematics.Player.csproj", "{5F8A15A0-FAB1-3779-9664-217DF19F6E42}"
EndProject
Project("{FAE04EC0-301F-11D3-BF4B-00C04F79EFBC}") = "Unity.2D.Animation.Triangle.Runtime", "Unity.2D.Animation.Triangle.Runtime.Player.csproj", "{6E56221B-BD8A-3D90-0795-66DCC6438CB3}"
EndProject
Project("{FAE04EC0-301F-11D3-BF4B-00C04F79EFBC}") = "Unity.Timeline", "Unity.Timeline.Player.csproj", "{197CF0E4-9EBB-CB64-366E-9BE3DBFB4C57}"
EndProject
Project("{FAE04EC0-301F-11D3-BF4B-00C04F79EFBC}") = "UnityEngine.UI", "UnityEngine.UI.Player.csproj", "{79561E18-EDC4-BCB2-A7A1-26804CC9F8BE}"
EndProject
Project("{FAE04EC0-301F-11D3-BF4B-00C04F79EFBC}") = "Unity.TextMeshPro", "Unity.TextMeshPro.Player.csproj", "{F6C06FCA-CD3C-3007-14A7-66E647368D30}"
EndProject
Project("{FAE04EC0-301F-11D3-BF4B-00C04F79EFBC}") = "Unity.2D.Animation.Runtime", "Unity.2D.Animation.Runtime.Player.csproj", "{167890BE-6611-B0BD-FFD5-BC5150C2F4EC}"
EndProject
Project("{FAE04EC0-301F-11D3-BF4B-00C04F79EFBC}") = "Unity.2D.IK.Runtime", "Unity.2D.IK.Runtime.Player.csproj", "{32C36617-1EB4-E599-B4BB-684E5849C633}"
EndProject
Project("{FAE04EC0-301F-11D3-BF4B-00C04F79EFBC}") = "Unity.2D.SpriteShape.Runtime", "Unity.2D.SpriteShape.Runtime.Player.csproj", "{4AE663EE-A578-B525-F0AD-B3D8CBF665A3}"
EndProject
Project("{FAE04EC0-301F-11D3-BF4B-00C04F79EFBC}") = "Unity.2D.PixelPerfect", "Unity.2D.PixelPerfect.Player.csproj", "{1E45A2F9-C4B2-E38C-995E-F3B6ECBEE27C}"
EndProject
Project("{FAE04EC0-301F-11D3-BF4B-00C04F79EFBC}") = "Unity.2D.Common.Runtime", "Unity.2D.Common.Runtime.Player.csproj", "{E05420AF-483E-2087-ED4E-15C44386E2C8}"
EndProject
Project("{FAE04EC0-301F-11D3-BF4B-00C04F79EFBC}") = "Unity.InternalAPIEngineBridge.001", "Unity.InternalAPIEngineBridge.001.Player.csproj", "{932C1FD3-DCED-A5CF-90DB-BFFE00998BA7}"
EndProject
Project("{FAE04EC0-301F-11D3-BF4B-00C04F79EFBC}") = "Assembly-CSharp", "Assembly-CSharp.Player.csproj", "{421E07CE-CFF2-AEBE-5E52-08C8B243936E}"
EndProject
Global
	GlobalSection(SolutionConfigurationPlatforms) = preSolution
		Debug|Any CPU = Debug|Any CPU
		Release|Any CPU = Release|Any CPU
	EndGlobalSection
	GlobalSection(ProjectConfigurationPlatforms) = postSolution
		{0151BCFD-5DC3-9E90-CBDB-782F562ACDFB}.Debug|Any CPU.ActiveCfg = Debug|Any CPU
		{0151BCFD-5DC3-9E90-CBDB-782F562ACDFB}.Debug|Any CPU.Build.0 = Debug|Any CPU
		{0151BCFD-5DC3-9E90-CBDB-782F562ACDFB}.Release|Any CPU.ActiveCfg = Release|Any CPU
		{0151BCFD-5DC3-9E90-CBDB-782F562ACDFB}.Release|Any CPU.Build.0 = Release|Any CPU
		{4F6B6E8D-443C-4504-8AE4-E12111278306}.Debug|Any CPU.ActiveCfg = Debug|Any CPU
		{4F6B6E8D-443C-4504-8AE4-E12111278306}.Debug|Any CPU.Build.0 = Debug|Any CPU
		{4F6B6E8D-443C-4504-8AE4-E12111278306}.Release|Any CPU.ActiveCfg = Release|Any CPU
		{4F6B6E8D-443C-4504-8AE4-E12111278306}.Release|Any CPU.Build.0 = Release|Any CPU
		{FABF71D6-3EE1-4738-0714-C906432991E7}.Debug|Any CPU.ActiveCfg = Debug|Any CPU
		{FABF71D6-3EE1-4738-0714-C906432991E7}.Debug|Any CPU.Build.0 = Debug|Any CPU
		{FABF71D6-3EE1-4738-0714-C906432991E7}.Release|Any CPU.ActiveCfg = Release|Any CPU
		{FABF71D6-3EE1-4738-0714-C906432991E7}.Release|Any CPU.Build.0 = Release|Any CPU
		{09B6CF65-F270-0FAB-3EC7-E40CB221A306}.Debug|Any CPU.ActiveCfg = Debug|Any CPU
		{09B6CF65-F270-0FAB-3EC7-E40CB221A306}.Debug|Any CPU.Build.0 = Debug|Any CPU
		{09B6CF65-F270-0FAB-3EC7-E40CB221A306}.Release|Any CPU.ActiveCfg = Release|Any CPU
		{09B6CF65-F270-0FAB-3EC7-E40CB221A306}.Release|Any CPU.Build.0 = Release|Any CPU
		{D094D4B2-2C37-6AB5-F0C8-745A22C0E1D0}.Debug|Any CPU.ActiveCfg = Debug|Any CPU
		{D094D4B2-2C37-6AB5-F0C8-745A22C0E1D0}.Debug|Any CPU.Build.0 = Debug|Any CPU
		{D094D4B2-2C37-6AB5-F0C8-745A22C0E1D0}.Release|Any CPU.ActiveCfg = Release|Any CPU
		{D094D4B2-2C37-6AB5-F0C8-745A22C0E1D0}.Release|Any CPU.Build.0 = Release|Any CPU
		{3670DEB4-A843-E254-3DE2-DDA7839CF1ED}.Debug|Any CPU.ActiveCfg = Debug|Any CPU
		{3670DEB4-A843-E254-3DE2-DDA7839CF1ED}.Debug|Any CPU.Build.0 = Debug|Any CPU
		{3670DEB4-A843-E254-3DE2-DDA7839CF1ED}.Release|Any CPU.ActiveCfg = Release|Any CPU
		{3670DEB4-A843-E254-3DE2-DDA7839CF1ED}.Release|Any CPU.Build.0 = Release|Any CPU
		{DC44F18F-0262-677F-DA50-6CB109CE43C4}.Debug|Any CPU.ActiveCfg = Debug|Any CPU
		{DC44F18F-0262-677F-DA50-6CB109CE43C4}.Debug|Any CPU.Build.0 = Debug|Any CPU
		{DC44F18F-0262-677F-DA50-6CB109CE43C4}.Release|Any CPU.ActiveCfg = Release|Any CPU
		{DC44F18F-0262-677F-DA50-6CB109CE43C4}.Release|Any CPU.Build.0 = Release|Any CPU
		{AEC9348A-E26A-DBF9-F1C4-5E88AE9CED82}.Debug|Any CPU.ActiveCfg = Debug|Any CPU
		{AEC9348A-E26A-DBF9-F1C4-5E88AE9CED82}.Debug|Any CPU.Build.0 = Debug|Any CPU
		{AEC9348A-E26A-DBF9-F1C4-5E88AE9CED82}.Release|Any CPU.ActiveCfg = Release|Any CPU
		{AEC9348A-E26A-DBF9-F1C4-5E88AE9CED82}.Release|Any CPU.Build.0 = Release|Any CPU
		{DB555717-E954-9B75-FE4A-0D904B5EED1E}.Debug|Any CPU.ActiveCfg = Debug|Any CPU
		{DB555717-E954-9B75-FE4A-0D904B5EED1E}.Debug|Any CPU.Build.0 = Debug|Any CPU
		{DB555717-E954-9B75-FE4A-0D904B5EED1E}.Release|Any CPU.ActiveCfg = Release|Any CPU
		{DB555717-E954-9B75-FE4A-0D904B5EED1E}.Release|Any CPU.Build.0 = Release|Any CPU
		{9D8E3322-FBF3-EAF0-AC4C-026F900506ED}.Debug|Any CPU.ActiveCfg = Debug|Any CPU
		{9D8E3322-FBF3-EAF0-AC4C-026F900506ED}.Debug|Any CPU.Build.0 = Debug|Any CPU
		{9D8E3322-FBF3-EAF0-AC4C-026F900506ED}.Release|Any CPU.ActiveCfg = Release|Any CPU
		{9D8E3322-FBF3-EAF0-AC4C-026F900506ED}.Release|Any CPU.Build.0 = Release|Any CPU
		{DE3ACA8B-CB18-F67B-0D5D-2C14D8688D83}.Debug|Any CPU.ActiveCfg = Debug|Any CPU
		{DE3ACA8B-CB18-F67B-0D5D-2C14D8688D83}.Debug|Any CPU.Build.0 = Debug|Any CPU
		{DE3ACA8B-CB18-F67B-0D5D-2C14D8688D83}.Release|Any CPU.ActiveCfg = Release|Any CPU
		{DE3ACA8B-CB18-F67B-0D5D-2C14D8688D83}.Release|Any CPU.Build.0 = Release|Any CPU
		{A52F4F39-EBEC-F5FC-B87F-81658FA9EE02}.Debug|Any CPU.ActiveCfg = Debug|Any CPU
		{A52F4F39-EBEC-F5FC-B87F-81658FA9EE02}.Debug|Any CPU.Build.0 = Debug|Any CPU
		{A52F4F39-EBEC-F5FC-B87F-81658FA9EE02}.Release|Any CPU.ActiveCfg = Release|Any CPU
		{A52F4F39-EBEC-F5FC-B87F-81658FA9EE02}.Release|Any CPU.Build.0 = Release|Any CPU
		{4E5CEB6B-F475-AB07-BFED-B05B46C22715}.Debug|Any CPU.ActiveCfg = Debug|Any CPU
		{4E5CEB6B-F475-AB07-BFED-B05B46C22715}.Debug|Any CPU.Build.0 = Debug|Any CPU
		{4E5CEB6B-F475-AB07-BFED-B05B46C22715}.Release|Any CPU.ActiveCfg = Release|Any CPU
		{4E5CEB6B-F475-AB07-BFED-B05B46C22715}.Release|Any CPU.Build.0 = Release|Any CPU
		{CA38298B-2B8E-E922-E7E5-98B444600D2C}.Debug|Any CPU.ActiveCfg = Debug|Any CPU
		{CA38298B-2B8E-E922-E7E5-98B444600D2C}.Debug|Any CPU.Build.0 = Debug|Any CPU
		{CA38298B-2B8E-E922-E7E5-98B444600D2C}.Release|Any CPU.ActiveCfg = Release|Any CPU
		{CA38298B-2B8E-E922-E7E5-98B444600D2C}.Release|Any CPU.Build.0 = Release|Any CPU
		{BDDB44CF-1A83-C3F0-23DE-0A0B92DE5DFA}.Debug|Any CPU.ActiveCfg = Debug|Any CPU
		{BDDB44CF-1A83-C3F0-23DE-0A0B92DE5DFA}.Debug|Any CPU.Build.0 = Debug|Any CPU
		{BDDB44CF-1A83-C3F0-23DE-0A0B92DE5DFA}.Release|Any CPU.ActiveCfg = Release|Any CPU
		{BDDB44CF-1A83-C3F0-23DE-0A0B92DE5DFA}.Release|Any CPU.Build.0 = Release|Any CPU
		{E6A27750-44ED-6A22-9131-961A191238DD}.Debug|Any CPU.ActiveCfg = Debug|Any CPU
		{E6A27750-44ED-6A22-9131-961A191238DD}.Debug|Any CPU.Build.0 = Debug|Any CPU
		{E6A27750-44ED-6A22-9131-961A191238DD}.Release|Any CPU.ActiveCfg = Release|Any CPU
		{E6A27750-44ED-6A22-9131-961A191238DD}.Release|Any CPU.Build.0 = Release|Any CPU
		{6E171B52-4153-8416-59EA-640FE9CC32F7}.Debug|Any CPU.ActiveCfg = Debug|Any CPU
		{6E171B52-4153-8416-59EA-640FE9CC32F7}.Debug|Any CPU.Build.0 = Debug|Any CPU
		{6E171B52-4153-8416-59EA-640FE9CC32F7}.Release|Any CPU.ActiveCfg = Release|Any CPU
		{6E171B52-4153-8416-59EA-640FE9CC32F7}.Release|Any CPU.Build.0 = Release|Any CPU
		{71EE6AD6-7808-B479-C3D0-2CFB06B5D710}.Debug|Any CPU.ActiveCfg = Debug|Any CPU
		{71EE6AD6-7808-B479-C3D0-2CFB06B5D710}.Debug|Any CPU.Build.0 = Debug|Any CPU
		{71EE6AD6-7808-B479-C3D0-2CFB06B5D710}.Release|Any CPU.ActiveCfg = Release|Any CPU
		{71EE6AD6-7808-B479-C3D0-2CFB06B5D710}.Release|Any CPU.Build.0 = Release|Any CPU
		{2F791CF5-2EA2-EFDC-9B28-FD2B1273D5BD}.Debug|Any CPU.ActiveCfg = Debug|Any CPU
		{2F791CF5-2EA2-EFDC-9B28-FD2B1273D5BD}.Debug|Any CPU.Build.0 = Debug|Any CPU
		{2F791CF5-2EA2-EFDC-9B28-FD2B1273D5BD}.Release|Any CPU.ActiveCfg = Release|Any CPU
		{2F791CF5-2EA2-EFDC-9B28-FD2B1273D5BD}.Release|Any CPU.Build.0 = Release|Any CPU
		{93E1D904-5C20-1D85-9237-943D6100A1AD}.Debug|Any CPU.ActiveCfg = Debug|Any CPU
		{93E1D904-5C20-1D85-9237-943D6100A1AD}.Debug|Any CPU.Build.0 = Debug|Any CPU
		{93E1D904-5C20-1D85-9237-943D6100A1AD}.Release|Any CPU.ActiveCfg = Release|Any CPU
		{93E1D904-5C20-1D85-9237-943D6100A1AD}.Release|Any CPU.Build.0 = Release|Any CPU
		{DDF8C7D2-E46E-81CD-8A48-D2E9E42D30EA}.Debug|Any CPU.ActiveCfg = Debug|Any CPU
		{DDF8C7D2-E46E-81CD-8A48-D2E9E42D30EA}.Debug|Any CPU.Build.0 = Debug|Any CPU
		{DDF8C7D2-E46E-81CD-8A48-D2E9E42D30EA}.Release|Any CPU.ActiveCfg = Release|Any CPU
		{DDF8C7D2-E46E-81CD-8A48-D2E9E42D30EA}.Release|Any CPU.Build.0 = Release|Any CPU
		{21A19888-894C-02A4-913F-21933066191B}.Debug|Any CPU.ActiveCfg = Debug|Any CPU
		{21A19888-894C-02A4-913F-21933066191B}.Debug|Any CPU.Build.0 = Debug|Any CPU
		{21A19888-894C-02A4-913F-21933066191B}.Release|Any CPU.ActiveCfg = Release|Any CPU
		{21A19888-894C-02A4-913F-21933066191B}.Release|Any CPU.Build.0 = Release|Any CPU
		{748DFAC9-3A37-24DF-2CFB-C7288DDB6090}.Debug|Any CPU.ActiveCfg = Debug|Any CPU
		{748DFAC9-3A37-24DF-2CFB-C7288DDB6090}.Debug|Any CPU.Build.0 = Debug|Any CPU
		{748DFAC9-3A37-24DF-2CFB-C7288DDB6090}.Release|Any CPU.ActiveCfg = Release|Any CPU
		{748DFAC9-3A37-24DF-2CFB-C7288DDB6090}.Release|Any CPU.Build.0 = Release|Any CPU
		{0CEA1F55-FE18-8B4B-EDA2-FED357EEE17C}.Debug|Any CPU.ActiveCfg = Debug|Any CPU
		{0CEA1F55-FE18-8B4B-EDA2-FED357EEE17C}.Debug|Any CPU.Build.0 = Debug|Any CPU
		{0CEA1F55-FE18-8B4B-EDA2-FED357EEE17C}.Release|Any CPU.ActiveCfg = Release|Any CPU
		{0CEA1F55-FE18-8B4B-EDA2-FED357EEE17C}.Release|Any CPU.Build.0 = Release|Any CPU
		{AD4BE284-B0F2-6269-1511-D79DFC0FB9BD}.Debug|Any CPU.ActiveCfg = Debug|Any CPU
		{AD4BE284-B0F2-6269-1511-D79DFC0FB9BD}.Debug|Any CPU.Build.0 = Debug|Any CPU
		{AD4BE284-B0F2-6269-1511-D79DFC0FB9BD}.Release|Any CPU.ActiveCfg = Release|Any CPU
		{AD4BE284-B0F2-6269-1511-D79DFC0FB9BD}.Release|Any CPU.Build.0 = Release|Any CPU
		{A1192BA0-5136-704D-BFDE-B5D01FF5ABD2}.Debug|Any CPU.ActiveCfg = Debug|Any CPU
		{A1192BA0-5136-704D-BFDE-B5D01FF5ABD2}.Debug|Any CPU.Build.0 = Debug|Any CPU
		{A1192BA0-5136-704D-BFDE-B5D01FF5ABD2}.Release|Any CPU.ActiveCfg = Release|Any CPU
		{A1192BA0-5136-704D-BFDE-B5D01FF5ABD2}.Release|Any CPU.Build.0 = Release|Any CPU
		{45849203-2E6F-3743-4037-A2D289DDF8B0}.Debug|Any CPU.ActiveCfg = Debug|Any CPU
		{45849203-2E6F-3743-4037-A2D289DDF8B0}.Debug|Any CPU.Build.0 = Debug|Any CPU
		{45849203-2E6F-3743-4037-A2D289DDF8B0}.Release|Any CPU.ActiveCfg = Release|Any CPU
		{45849203-2E6F-3743-4037-A2D289DDF8B0}.Release|Any CPU.Build.0 = Release|Any CPU
		{E4225228-989A-EA26-49D8-D0CEB86E7ABC}.Debug|Any CPU.ActiveCfg = Debug|Any CPU
		{E4225228-989A-EA26-49D8-D0CEB86E7ABC}.Debug|Any CPU.Build.0 = Debug|Any CPU
		{E4225228-989A-EA26-49D8-D0CEB86E7ABC}.Release|Any CPU.ActiveCfg = Release|Any CPU
		{E4225228-989A-EA26-49D8-D0CEB86E7ABC}.Release|Any CPU.Build.0 = Release|Any CPU
		{8A70F6DD-61CD-B9FD-CF91-C52A4F6D5263}.Debug|Any CPU.ActiveCfg = Debug|Any CPU
		{8A70F6DD-61CD-B9FD-CF91-C52A4F6D5263}.Debug|Any CPU.Build.0 = Debug|Any CPU
		{8A70F6DD-61CD-B9FD-CF91-C52A4F6D5263}.Release|Any CPU.ActiveCfg = Release|Any CPU
		{8A70F6DD-61CD-B9FD-CF91-C52A4F6D5263}.Release|Any CPU.Build.0 = Release|Any CPU
		{FA5742D7-E0FA-8A82-82EC-9907CB047865}.Debug|Any CPU.ActiveCfg = Debug|Any CPU
		{FA5742D7-E0FA-8A82-82EC-9907CB047865}.Debug|Any CPU.Build.0 = Debug|Any CPU
		{FA5742D7-E0FA-8A82-82EC-9907CB047865}.Release|Any CPU.ActiveCfg = Release|Any CPU
		{FA5742D7-E0FA-8A82-82EC-9907CB047865}.Release|Any CPU.Build.0 = Release|Any CPU
		{E6AFE9FE-2C29-716D-75CA-6F8540083A86}.Debug|Any CPU.ActiveCfg = Debug|Any CPU
		{E6AFE9FE-2C29-716D-75CA-6F8540083A86}.Debug|Any CPU.Build.0 = Debug|Any CPU
		{E6AFE9FE-2C29-716D-75CA-6F8540083A86}.Release|Any CPU.ActiveCfg = Release|Any CPU
		{E6AFE9FE-2C29-716D-75CA-6F8540083A86}.Release|Any CPU.Build.0 = Release|Any CPU
		{972937F9-B63C-E290-5F97-91256A42787F}.Debug|Any CPU.ActiveCfg = Debug|Any CPU
		{972937F9-B63C-E290-5F97-91256A42787F}.Debug|Any CPU.Build.0 = Debug|Any CPU
		{972937F9-B63C-E290-5F97-91256A42787F}.Release|Any CPU.ActiveCfg = Release|Any CPU
		{972937F9-B63C-E290-5F97-91256A42787F}.Release|Any CPU.Build.0 = Release|Any CPU
		{37BD234F-5598-9FAD-C62F-55067554025B}.Debug|Any CPU.ActiveCfg = Debug|Any CPU
		{37BD234F-5598-9FAD-C62F-55067554025B}.Debug|Any CPU.Build.0 = Debug|Any CPU
		{37BD234F-5598-9FAD-C62F-55067554025B}.Release|Any CPU.ActiveCfg = Release|Any CPU
		{37BD234F-5598-9FAD-C62F-55067554025B}.Release|Any CPU.Build.0 = Release|Any CPU
		{559C71C8-929F-F2CB-73FA-757B30F3E7EE}.Debug|Any CPU.ActiveCfg = Debug|Any CPU
		{559C71C8-929F-F2CB-73FA-757B30F3E7EE}.Debug|Any CPU.Build.0 = Debug|Any CPU
		{559C71C8-929F-F2CB-73FA-757B30F3E7EE}.Release|Any CPU.ActiveCfg = Release|Any CPU
		{559C71C8-929F-F2CB-73FA-757B30F3E7EE}.Release|Any CPU.Build.0 = Release|Any CPU
		{49B31BD8-30BC-6CEA-7FC6-0AD846204A92}.Debug|Any CPU.ActiveCfg = Debug|Any CPU
		{49B31BD8-30BC-6CEA-7FC6-0AD846204A92}.Debug|Any CPU.Build.0 = Debug|Any CPU
		{49B31BD8-30BC-6CEA-7FC6-0AD846204A92}.Release|Any CPU.ActiveCfg = Release|Any CPU
		{49B31BD8-30BC-6CEA-7FC6-0AD846204A92}.Release|Any CPU.Build.0 = Release|Any CPU
		{0B7CF0BC-4C3B-6729-30C2-6197E4CD1567}.Debug|Any CPU.ActiveCfg = Debug|Any CPU
		{0B7CF0BC-4C3B-6729-30C2-6197E4CD1567}.Debug|Any CPU.Build.0 = Debug|Any CPU
		{0B7CF0BC-4C3B-6729-30C2-6197E4CD1567}.Release|Any CPU.ActiveCfg = Release|Any CPU
		{0B7CF0BC-4C3B-6729-30C2-6197E4CD1567}.Release|Any CPU.Build.0 = Release|Any CPU
		{5F8A15A0-FAB1-3779-9664-217DF19F6E42}.Debug|Any CPU.ActiveCfg = Debug|Any CPU
		{5F8A15A0-FAB1-3779-9664-217DF19F6E42}.Debug|Any CPU.Build.0 = Debug|Any CPU
		{5F8A15A0-FAB1-3779-9664-217DF19F6E42}.Release|Any CPU.ActiveCfg = Release|Any CPU
		{5F8A15A0-FAB1-3779-9664-217DF19F6E42}.Release|Any CPU.Build.0 = Release|Any CPU
		{6E56221B-BD8A-3D90-0795-66DCC6438CB3}.Debug|Any CPU.ActiveCfg = Debug|Any CPU
		{6E56221B-BD8A-3D90-0795-66DCC6438CB3}.Debug|Any CPU.Build.0 = Debug|Any CPU
		{6E56221B-BD8A-3D90-0795-66DCC6438CB3}.Release|Any CPU.ActiveCfg = Release|Any CPU
		{6E56221B-BD8A-3D90-0795-66DCC6438CB3}.Release|Any CPU.Build.0 = Release|Any CPU
		{197CF0E4-9EBB-CB64-366E-9BE3DBFB4C57}.Debug|Any CPU.ActiveCfg = Debug|Any CPU
		{197CF0E4-9EBB-CB64-366E-9BE3DBFB4C57}.Debug|Any CPU.Build.0 = Debug|Any CPU
		{197CF0E4-9EBB-CB64-366E-9BE3DBFB4C57}.Release|Any CPU.ActiveCfg = Release|Any CPU
		{197CF0E4-9EBB-CB64-366E-9BE3DBFB4C57}.Release|Any CPU.Build.0 = Release|Any CPU
		{79561E18-EDC4-BCB2-A7A1-26804CC9F8BE}.Debug|Any CPU.ActiveCfg = Debug|Any CPU
		{79561E18-EDC4-BCB2-A7A1-26804CC9F8BE}.Debug|Any CPU.Build.0 = Debug|Any CPU
		{79561E18-EDC4-BCB2-A7A1-26804CC9F8BE}.Release|Any CPU.ActiveCfg = Release|Any CPU
		{79561E18-EDC4-BCB2-A7A1-26804CC9F8BE}.Release|Any CPU.Build.0 = Release|Any CPU
		{F6C06FCA-CD3C-3007-14A7-66E647368D30}.Debug|Any CPU.ActiveCfg = Debug|Any CPU
		{F6C06FCA-CD3C-3007-14A7-66E647368D30}.Debug|Any CPU.Build.0 = Debug|Any CPU
		{F6C06FCA-CD3C-3007-14A7-66E647368D30}.Release|Any CPU.ActiveCfg = Release|Any CPU
		{F6C06FCA-CD3C-3007-14A7-66E647368D30}.Release|Any CPU.Build.0 = Release|Any CPU
		{167890BE-6611-B0BD-FFD5-BC5150C2F4EC}.Debug|Any CPU.ActiveCfg = Debug|Any CPU
		{167890BE-6611-B0BD-FFD5-BC5150C2F4EC}.Debug|Any CPU.Build.0 = Debug|Any CPU
		{167890BE-6611-B0BD-FFD5-BC5150C2F4EC}.Release|Any CPU.ActiveCfg = Release|Any CPU
		{167890BE-6611-B0BD-FFD5-BC5150C2F4EC}.Release|Any CPU.Build.0 = Release|Any CPU
		{32C36617-1EB4-E599-B4BB-684E5849C633}.Debug|Any CPU.ActiveCfg = Debug|Any CPU
		{32C36617-1EB4-E599-B4BB-684E5849C633}.Debug|Any CPU.Build.0 = Debug|Any CPU
		{32C36617-1EB4-E599-B4BB-684E5849C633}.Release|Any CPU.ActiveCfg = Release|Any CPU
		{32C36617-1EB4-E599-B4BB-684E5849C633}.Release|Any CPU.Build.0 = Release|Any CPU
		{4AE663EE-A578-B525-F0AD-B3D8CBF665A3}.Debug|Any CPU.ActiveCfg = Debug|Any CPU
		{4AE663EE-A578-B525-F0AD-B3D8CBF665A3}.Debug|Any CPU.Build.0 = Debug|Any CPU
		{4AE663EE-A578-B525-F0AD-B3D8CBF665A3}.Release|Any CPU.ActiveCfg = Release|Any CPU
		{4AE663EE-A578-B525-F0AD-B3D8CBF665A3}.Release|Any CPU.Build.0 = Release|Any CPU
		{1E45A2F9-C4B2-E38C-995E-F3B6ECBEE27C}.Debug|Any CPU.ActiveCfg = Debug|Any CPU
		{1E45A2F9-C4B2-E38C-995E-F3B6ECBEE27C}.Debug|Any CPU.Build.0 = Debug|Any CPU
		{1E45A2F9-C4B2-E38C-995E-F3B6ECBEE27C}.Release|Any CPU.ActiveCfg = Release|Any CPU
		{1E45A2F9-C4B2-E38C-995E-F3B6ECBEE27C}.Release|Any CPU.Build.0 = Release|Any CPU
		{E05420AF-483E-2087-ED4E-15C44386E2C8}.Debug|Any CPU.ActiveCfg = Debug|Any CPU
		{E05420AF-483E-2087-ED4E-15C44386E2C8}.Debug|Any CPU.Build.0 = Debug|Any CPU
		{E05420AF-483E-2087-ED4E-15C44386E2C8}.Release|Any CPU.ActiveCfg = Release|Any CPU
		{E05420AF-483E-2087-ED4E-15C44386E2C8}.Release|Any CPU.Build.0 = Release|Any CPU
		{932C1FD3-DCED-A5CF-90DB-BFFE00998BA7}.Debug|Any CPU.ActiveCfg = Debug|Any CPU
		{932C1FD3-DCED-A5CF-90DB-BFFE00998BA7}.Debug|Any CPU.Build.0 = Debug|Any CPU
		{932C1FD3-DCED-A5CF-90DB-BFFE00998BA7}.Release|Any CPU.ActiveCfg = Release|Any CPU
		{932C1FD3-DCED-A5CF-90DB-BFFE00998BA7}.Release|Any CPU.Build.0 = Release|Any CPU
		{421E07CE-CFF2-AEBE-5E52-08C8B243936E}.Debug|Any CPU.ActiveCfg = Debug|Any CPU
		{421E07CE-CFF2-AEBE-5E52-08C8B243936E}.Debug|Any CPU.Build.0 = Debug|Any CPU
		{421E07CE-CFF2-AEBE-5E52-08C8B243936E}.Release|Any CPU.ActiveCfg = Release|Any CPU
		{421E07CE-CFF2-AEBE-5E52-08C8B243936E}.Release|Any CPU.Build.0 = Release|Any CPU
	EndGlobalSection
	GlobalSection(SolutionProperties) = preSolution
		HideSolutionNode = FALSE
	EndGlobalSection
EndGlobal
